
Microsoft Visual Studio Solution File, Format Version 12.00
# Visual Studio Version 17
VisualStudioVersion = 17.0.31903.59
MinimumVisualStudioVersion = 10.0.40219.1
Project("{2150E333-8FDC-42A3-9474-1A3956D46DE8}") = "src", "src", "{827E0CD3-B72D-47B6-A68D-7590B98EB39B}"
EndProject
Project("{FAE04EC0-301F-11D3-BF4B-00C04F79EFBC}") = "Schedulas.API", "src\Schedulas.API\Schedulas.API.csproj", "{74D440BB-E27E-4AD3-A6FE-B2967A906B71}"
EndProject
Project("{FAE04EC0-301F-11D3-BF4B-00C04F79EFBC}") = "Schedulas.Application", "src\Schedulas.Application\Schedulas.Application.csproj", "{39192752-D8F5-4D28-B909-45ABDDFD830B}"
EndProject
Project("{FAE04EC0-301F-11D3-BF4B-00C04F79EFBC}") = "Schedulas.Domain", "src\Schedulas.Domain\Schedulas.Domain.csproj", "{86032570-B842-4959-8EC0-4D2AD40BB039}"
EndProject
Project("{FAE04EC0-301F-11D3-BF4B-00C04F79EFBC}") = "Schedulas.Infrastructure", "src\Schedulas.Infrastructure\Schedulas.Infrastructure.csproj", "{1A19DC72-4626-44E3-A915-E7DBEFAC9DC8}"
EndProject
Project("{2150E333-8FDC-42A3-9474-1A3956D46DE8}") = "tests", "tests", "{0AB3BF05-4346-4AA6-1389-037BE0695223}"
EndProject
Project("{FAE04EC0-301F-11D3-BF4B-00C04F79EFBC}") = "Schedulas.Domain.Tests", "tests\Schedulas.Domain.Tests\Schedulas.Domain.Tests.csproj", "{547B2493-FB29-419D-8A0E-B0711E800829}"
EndProject
Project("{FAE04EC0-301F-11D3-BF4B-00C04F79EFBC}") = "Schedulas.Application.Tests", "tests\Schedulas.Application.Tests\Schedulas.Application.Tests.csproj", "{68572077-29AB-4EC8-8410-A2F259461203}"
EndProject
Project("{FAE04EC0-301F-11D3-BF4B-00C04F79EFBC}") = "Schedulas.Infrastructure.Tests", "tests\Schedulas.Infrastructure.Tests\Schedulas.Infrastructure.Tests.csproj", "{C2E30979-3E44-4479-8495-EC053F58CC66}"
EndProject
Project("{FAE04EC0-301F-11D3-BF4B-00C04F79EFBC}") = "Schedulas.API.Tests", "tests\Schedulas.API.Tests\Schedulas.API.Tests.csproj", "{079086C4-FB62-4C3B-96BB-24F1E34C2FA7}"
EndProject
Global
	GlobalSection(SolutionConfigurationPlatforms) = preSolution
		Debug|Any CPU = Debug|Any CPU
		Debug|x64 = Debug|x64
		Debug|x86 = Debug|x86
		Release|Any CPU = Release|Any CPU
		Release|x64 = Release|x64
		Release|x86 = Release|x86
	EndGlobalSection
	GlobalSection(ProjectConfigurationPlatforms) = postSolution
		{74D440BB-E27E-4AD3-A6FE-B2967A906B71}.Debug|Any CPU.ActiveCfg = Debug|Any CPU
		{74D440BB-E27E-4AD3-A6FE-B2967A906B71}.Debug|Any CPU.Build.0 = Debug|Any CPU
		{74D440BB-E27E-4AD3-A6FE-B2967A906B71}.Debug|x64.ActiveCfg = Debug|Any CPU
		{74D440BB-E27E-4AD3-A6FE-B2967A906B71}.Debug|x64.Build.0 = Debug|Any CPU
		{74D440BB-E27E-4AD3-A6FE-B2967A906B71}.Debug|x86.ActiveCfg = Debug|Any CPU
		{74D440BB-E27E-4AD3-A6FE-B2967A906B71}.Debug|x86.Build.0 = Debug|Any CPU
		{74D440BB-E27E-4AD3-A6FE-B2967A906B71}.Release|Any CPU.ActiveCfg = Release|Any CPU
		{74D440BB-E27E-4AD3-A6FE-B2967A906B71}.Release|Any CPU.Build.0 = Release|Any CPU
		{74D440BB-E27E-4AD3-A6FE-B2967A906B71}.Release|x64.ActiveCfg = Release|Any CPU
		{74D440BB-E27E-4AD3-A6FE-B2967A906B71}.Release|x64.Build.0 = Release|Any CPU
		{74D440BB-E27E-4AD3-A6FE-B2967A906B71}.Release|x86.ActiveCfg = Release|Any CPU
		{74D440BB-E27E-4AD3-A6FE-B2967A906B71}.Release|x86.Build.0 = Release|Any CPU
		{39192752-D8F5-4D28-B909-45ABDDFD830B}.Debug|Any CPU.ActiveCfg = Debug|Any CPU
		{39192752-D8F5-4D28-B909-45ABDDFD830B}.Debug|Any CPU.Build.0 = Debug|Any CPU
		{39192752-D8F5-4D28-B909-45ABDDFD830B}.Debug|x64.ActiveCfg = Debug|Any CPU
		{39192752-D8F5-4D28-B909-45ABDDFD830B}.Debug|x64.Build.0 = Debug|Any CPU
		{39192752-D8F5-4D28-B909-45ABDDFD830B}.Debug|x86.ActiveCfg = Debug|Any CPU
		{39192752-D8F5-4D28-B909-45ABDDFD830B}.Debug|x86.Build.0 = Debug|Any CPU
		{39192752-D8F5-4D28-B909-45ABDDFD830B}.Release|Any CPU.ActiveCfg = Release|Any CPU
		{39192752-D8F5-4D28-B909-45ABDDFD830B}.Release|Any CPU.Build.0 = Release|Any CPU
		{39192752-D8F5-4D28-B909-45ABDDFD830B}.Release|x64.ActiveCfg = Release|Any CPU
		{39192752-D8F5-4D28-B909-45ABDDFD830B}.Release|x64.Build.0 = Release|Any CPU
		{39192752-D8F5-4D28-B909-45ABDDFD830B}.Release|x86.ActiveCfg = Release|Any CPU
		{39192752-D8F5-4D28-B909-45ABDDFD830B}.Release|x86.Build.0 = Release|Any CPU
		{86032570-B842-4959-8EC0-4D2AD40BB039}.Debug|Any CPU.ActiveCfg = Debug|Any CPU
		{86032570-B842-4959-8EC0-4D2AD40BB039}.Debug|Any CPU.Build.0 = Debug|Any CPU
		{86032570-B842-4959-8EC0-4D2AD40BB039}.Debug|x64.ActiveCfg = Debug|Any CPU
		{86032570-B842-4959-8EC0-4D2AD40BB039}.Debug|x64.Build.0 = Debug|Any CPU
		{86032570-B842-4959-8EC0-4D2AD40BB039}.Debug|x86.ActiveCfg = Debug|Any CPU
		{86032570-B842-4959-8EC0-4D2AD40BB039}.Debug|x86.Build.0 = Debug|Any CPU
		{86032570-B842-4959-8EC0-4D2AD40BB039}.Release|Any CPU.ActiveCfg = Release|Any CPU
		{86032570-B842-4959-8EC0-4D2AD40BB039}.Release|Any CPU.Build.0 = Release|Any CPU
		{86032570-B842-4959-8EC0-4D2AD40BB039}.Release|x64.ActiveCfg = Release|Any CPU
		{86032570-B842-4959-8EC0-4D2AD40BB039}.Release|x64.Build.0 = Release|Any CPU
		{86032570-B842-4959-8EC0-4D2AD40BB039}.Release|x86.ActiveCfg = Release|Any CPU
		{86032570-B842-4959-8EC0-4D2AD40BB039}.Release|x86.Build.0 = Release|Any CPU
		{1A19DC72-4626-44E3-A915-E7DBEFAC9DC8}.Debug|Any CPU.ActiveCfg = Debug|Any CPU
		{1A19DC72-4626-44E3-A915-E7DBEFAC9DC8}.Debug|Any CPU.Build.0 = Debug|Any CPU
		{1A19DC72-4626-44E3-A915-E7DBEFAC9DC8}.Debug|x64.ActiveCfg = Debug|Any CPU
		{1A19DC72-4626-44E3-A915-E7DBEFAC9DC8}.Debug|x64.Build.0 = Debug|Any CPU
		{1A19DC72-4626-44E3-A915-E7DBEFAC9DC8}.Debug|x86.ActiveCfg = Debug|Any CPU
		{1A19DC72-4626-44E3-A915-E7DBEFAC9DC8}.Debug|x86.Build.0 = Debug|Any CPU
		{1A19DC72-4626-44E3-A915-E7DBEFAC9DC8}.Release|Any CPU.ActiveCfg = Release|Any CPU
		{1A19DC72-4626-44E3-A915-E7DBEFAC9DC8}.Release|Any CPU.Build.0 = Release|Any CPU
		{1A19DC72-4626-44E3-A915-E7DBEFAC9DC8}.Release|x64.ActiveCfg = Release|Any CPU
		{1A19DC72-4626-44E3-A915-E7DBEFAC9DC8}.Release|x64.Build.0 = Release|Any CPU
		{1A19DC72-4626-44E3-A915-E7DBEFAC9DC8}.Release|x86.ActiveCfg = Release|Any CPU
		{1A19DC72-4626-44E3-A915-E7DBEFAC9DC8}.Release|x86.Build.0 = Release|Any CPU
		{547B2493-FB29-419D-8A0E-B0711E800829}.Debug|Any CPU.ActiveCfg = Debug|Any CPU
		{547B2493-FB29-419D-8A0E-B0711E800829}.Debug|Any CPU.Build.0 = Debug|Any CPU
		{547B2493-FB29-419D-8A0E-B0711E800829}.Debug|x64.ActiveCfg = Debug|Any CPU
		{547B2493-FB29-419D-8A0E-B0711E800829}.Debug|x64.Build.0 = Debug|Any CPU
		{547B2493-FB29-419D-8A0E-B0711E800829}.Debug|x86.ActiveCfg = Debug|Any CPU
		{547B2493-FB29-419D-8A0E-B0711E800829}.Debug|x86.Build.0 = Debug|Any CPU
		{547B2493-FB29-419D-8A0E-B0711E800829}.Release|Any CPU.ActiveCfg = Release|Any CPU
		{547B2493-FB29-419D-8A0E-B0711E800829}.Release|Any CPU.Build.0 = Release|Any CPU
		{547B2493-FB29-419D-8A0E-B0711E800829}.Release|x64.ActiveCfg = Release|Any CPU
		{547B2493-FB29-419D-8A0E-B0711E800829}.Release|x64.Build.0 = Release|Any CPU
		{547B2493-FB29-419D-8A0E-B0711E800829}.Release|x86.ActiveCfg = Release|Any CPU
		{547B2493-FB29-419D-8A0E-B0711E800829}.Release|x86.Build.0 = Release|Any CPU
		{68572077-29AB-4EC8-8410-A2F259461203}.Debug|Any CPU.ActiveCfg = Debug|Any CPU
		{68572077-29AB-4EC8-8410-A2F259461203}.Debug|Any CPU.Build.0 = Debug|Any CPU
		{68572077-29AB-4EC8-8410-A2F259461203}.Debug|x64.ActiveCfg = Debug|Any CPU
		{68572077-29AB-4EC8-8410-A2F259461203}.Debug|x64.Build.0 = Debug|Any CPU
		{68572077-29AB-4EC8-8410-A2F259461203}.Debug|x86.ActiveCfg = Debug|Any CPU
		{68572077-29AB-4EC8-8410-A2F259461203}.Debug|x86.Build.0 = Debug|Any CPU
		{68572077-29AB-4EC8-8410-A2F259461203}.Release|Any CPU.ActiveCfg = Release|Any CPU
		{68572077-29AB-4EC8-8410-A2F259461203}.Release|Any CPU.Build.0 = Release|Any CPU
		{68572077-29AB-4EC8-8410-A2F259461203}.Release|x64.ActiveCfg = Release|Any CPU
		{68572077-29AB-4EC8-8410-A2F259461203}.Release|x64.Build.0 = Release|Any CPU
		{68572077-29AB-4EC8-8410-A2F259461203}.Release|x86.ActiveCfg = Release|Any CPU
		{68572077-29AB-4EC8-8410-A2F259461203}.Release|x86.Build.0 = Release|Any CPU
		{C2E30979-3E44-4479-8495-EC053F58CC66}.Debug|Any CPU.ActiveCfg = Debug|Any CPU
		{C2E30979-3E44-4479-8495-EC053F58CC66}.Debug|Any CPU.Build.0 = Debug|Any CPU
		{C2E30979-3E44-4479-8495-EC053F58CC66}.Debug|x64.ActiveCfg = Debug|Any CPU
		{C2E30979-3E44-4479-8495-EC053F58CC66}.Debug|x64.Build.0 = Debug|Any CPU
		{C2E30979-3E44-4479-8495-EC053F58CC66}.Debug|x86.ActiveCfg = Debug|Any CPU
		{C2E30979-3E44-4479-8495-EC053F58CC66}.Debug|x86.Build.0 = Debug|Any CPU
		{C2E30979-3E44-4479-8495-EC053F58CC66}.Release|Any CPU.ActiveCfg = Release|Any CPU
		{C2E30979-3E44-4479-8495-EC053F58CC66}.Release|Any CPU.Build.0 = Release|Any CPU
		{C2E30979-3E44-4479-8495-EC053F58CC66}.Release|x64.ActiveCfg = Release|Any CPU
		{C2E30979-3E44-4479-8495-EC053F58CC66}.Release|x64.Build.0 = Release|Any CPU
		{C2E30979-3E44-4479-8495-EC053F58CC66}.Release|x86.ActiveCfg = Release|Any CPU
		{C2E30979-3E44-4479-8495-EC053F58CC66}.Release|x86.Build.0 = Release|Any CPU
		{079086C4-FB62-4C3B-96BB-24F1E34C2FA7}.Debug|Any CPU.ActiveCfg = Debug|Any CPU
		{079086C4-FB62-4C3B-96BB-24F1E34C2FA7}.Debug|Any CPU.Build.0 = Debug|Any CPU
		{079086C4-FB62-4C3B-96BB-24F1E34C2FA7}.Debug|x64.ActiveCfg = Debug|Any CPU
		{079086C4-FB62-4C3B-96BB-24F1E34C2FA7}.Debug|x64.Build.0 = Debug|Any CPU
		{079086C4-FB62-4C3B-96BB-24F1E34C2FA7}.Debug|x86.ActiveCfg = Debug|Any CPU
		{079086C4-FB62-4C3B-96BB-24F1E34C2FA7}.Debug|x86.Build.0 = Debug|Any CPU
		{079086C4-FB62-4C3B-96BB-24F1E34C2FA7}.Release|Any CPU.ActiveCfg = Release|Any CPU
		{079086C4-FB62-4C3B-96BB-24F1E34C2FA7}.Release|Any CPU.Build.0 = Release|Any CPU
		{079086C4-FB62-4C3B-96BB-24F1E34C2FA7}.Release|x64.ActiveCfg = Release|Any CPU
		{079086C4-FB62-4C3B-96BB-24F1E34C2FA7}.Release|x64.Build.0 = Release|Any CPU
		{079086C4-FB62-4C3B-96BB-24F1E34C2FA7}.Release|x86.ActiveCfg = Release|Any CPU
		{079086C4-FB62-4C3B-96BB-24F1E34C2FA7}.Release|x86.Build.0 = Release|Any CPU
	EndGlobalSection
	GlobalSection(SolutionProperties) = preSolution
		HideSolutionNode = FALSE
	EndGlobalSection
	GlobalSection(NestedProjects) = preSolution
		{74D440BB-E27E-4AD3-A6FE-B2967A906B71} = {827E0CD3-B72D-47B6-A68D-7590B98EB39B}
		{39192752-D8F5-4D28-B909-45ABDDFD830B} = {827E0CD3-B72D-47B6-A68D-7590B98EB39B}
		{86032570-B842-4959-8EC0-4D2AD40BB039} = {827E0CD3-B72D-47B6-A68D-7590B98EB39B}
		{1A19DC72-4626-44E3-A915-E7DBEFAC9DC8} = {827E0CD3-B72D-47B6-A68D-7590B98EB39B}
		{547B2493-FB29-419D-8A0E-B0711E800829} = {0AB3BF05-4346-4AA6-1389-037BE0695223}
		{68572077-29AB-4EC8-8410-A2F259461203} = {0AB3BF05-4346-4AA6-1389-037BE0695223}
		{C2E30979-3E44-4479-8495-EC053F58CC66} = {0AB3BF05-4346-4AA6-1389-037BE0695223}
		{079086C4-FB62-4C3B-96BB-24F1E34C2FA7} = {0AB3BF05-4346-4AA6-1389-037BE0695223}
	EndGlobalSection
EndGlobal
